
Microsoft Visual Studio Solution File, Format Version 12.00
# Visual Studio Version 16
VisualStudioVersion = 16.0.32228.343
MinimumVisualStudioVersion = 10.0.40219.1
Project("{FAE04EC0-301F-11D3-BF4B-00C04F79EFBC}") = "Assignment5Gearhart", "Assignment5Gearhart.csproj", "{4FD3F63E-80A2-4B49-BBDE-022454807474}"
EndProject
Global
	GlobalSection(SolutionConfigurationPlatforms) = preSolution
		Debug|Any CPU = Debug|Any CPU
		Release|Any CPU = Release|Any CPU
	EndGlobalSection
	GlobalSection(ProjectConfigurationPlatforms) = postSolution
		{4FD3F63E-80A2-4B49-BBDE-022454807474}.Debug|Any CPU.ActiveCfg = Debug|Any CPU
		{4FD3F63E-80A2-4B49-BBDE-022454807474}.Debug|Any CPU.Build.0 = Debug|Any CPU
		{4FD3F63E-80A2-4B49-BBDE-022454807474}.Release|Any CPU.ActiveCfg = Release|Any CPU
		{4FD3F63E-80A2-4B49-BBDE-022454807474}.Release|Any CPU.Build.0 = Release|Any CPU
	EndGlobalSection
	GlobalSection(SolutionProperties) = preSolution
		HideSolutionNode = FALSE
	EndGlobalSection
	GlobalSection(ExtensibilityGlobals) = postSolution
		SolutionGuid = {46946F20-9E71-4D66-AD03-2AECFAF86872}
	EndGlobalSection
EndGlobal
