
Microsoft Visual Studio Solution File, Format Version 12.00
# Visual Studio Version 16
VisualStudioVersion = 16.0.32228.343
MinimumVisualStudioVersion = 10.0.40219.1
Project("{FAE04EC0-301F-11D3-BF4B-00C04F79EFBC}") = "Assignemnt6Gearhart", "Assignemnt6Gearhart\Assignemnt6Gearhart.csproj", "{0BF8DFB0-6A19-4134-8126-51BB5F1C827E}"
EndProject
Global
	GlobalSection(SolutionConfigurationPlatforms) = preSolution
		Debug|Any CPU = Debug|Any CPU
		Release|Any CPU = Release|Any CPU
	EndGlobalSection
	GlobalSection(ProjectConfigurationPlatforms) = postSolution
		{0BF8DFB0-6A19-4134-8126-51BB5F1C827E}.Debug|Any CPU.ActiveCfg = Debug|Any CPU
		{0BF8DFB0-6A19-4134-8126-51BB5F1C827E}.Debug|Any CPU.Build.0 = Debug|Any CPU
		{0BF8DFB0-6A19-4134-8126-51BB5F1C827E}.Release|Any CPU.ActiveCfg = Release|Any CPU
		{0BF8DFB0-6A19-4134-8126-51BB5F1C827E}.Release|Any CPU.Build.0 = Release|Any CPU
	EndGlobalSection
	GlobalSection(SolutionProperties) = preSolution
		HideSolutionNode = FALSE
	EndGlobalSection
	GlobalSection(ExtensibilityGlobals) = postSolution
		SolutionGuid = {21639882-467D-47E4-A6F6-0E4A54EC133F}
	EndGlobalSection
EndGlobal
